
Microsoft Visual Studio Solution File, Format Version 12.00
# Visual Studio Version 16
VisualStudioVersion = 16.0.30711.63
MinimumVisualStudioVersion = 10.0.40219.1
Project("{9A19103F-16F7-4668-BE54-9A1E7A4F7556}") = "Revision", "Revision\Revision.csproj", "{34B30454-FE01-42E4-9BA3-F7A9388AF557}"
EndProject
Project("{9A19103F-16F7-4668-BE54-9A1E7A4F7556}") = "Shop", "Shop\Shop.csproj", "{558F5647-FF79-4760-93BD-374162C1C0AC}"
EndProject
Project("{9A19103F-16F7-4668-BE54-9A1E7A4F7556}") = "Fundamentals", "Fundamentals\Fundamentals.csproj", "{B9680A0E-991A-4967-8207-DE00F07FB41C}"
EndProject
Project("{9A19103F-16F7-4668-BE54-9A1E7A4F7556}") = "ShopWeb", "ShopWeb\ShopWeb.csproj", "{304E0B94-5308-408F-990E-935226CC2A84}"
EndProject
Project("{9A19103F-16F7-4668-BE54-9A1E7A4F7556}") = "ShopConsole", "ShopConsole\ShopConsole.csproj", "{310CC858-C846-4ED8-97C2-AD1F71C0B1A2}"
EndProject
Project("{9A19103F-16F7-4668-BE54-9A1E7A4F7556}") = "Library.Console", "Library.Console\Library.Console.csproj", "{DF9A6A6E-7AF8-43DA-8A8F-76889C86E180}"
EndProject
Project("{9A19103F-16F7-4668-BE54-9A1E7A4F7556}") = "Library.Web", "Library.Web\Library.Web.csproj", "{7FF979EE-6FDD-4A86-9999-5EB755248916}"
EndProject
Project("{9A19103F-16F7-4668-BE54-9A1E7A4F7556}") = "Library.Logic", "Library.Logic\Library.Logic.csproj", "{E6EFEA26-8542-474A-9CC7-0E5B9A52E8CD}"
EndProject
Project("{2150E333-8FDC-42A3-9474-1A3956D46DE8}") = "HTML", "HTML", "{91B2C17D-6F42-4F90-9B96-B57836BAC79B}"
	ProjectSection(SolutionItems) = preProject
		bootstrap.html = bootstrap.html
		sample.html = sample.html
		style.css = style.css
		Task2.css = Task2.css
		Task2.html = Task2.html
	EndProjectSection
EndProject
Global
	GlobalSection(SolutionConfigurationPlatforms) = preSolution
		Debug|Any CPU = Debug|Any CPU
		Release|Any CPU = Release|Any CPU
	EndGlobalSection
	GlobalSection(ProjectConfigurationPlatforms) = postSolution
		{34B30454-FE01-42E4-9BA3-F7A9388AF557}.Debug|Any CPU.ActiveCfg = Debug|Any CPU
		{34B30454-FE01-42E4-9BA3-F7A9388AF557}.Debug|Any CPU.Build.0 = Debug|Any CPU
		{34B30454-FE01-42E4-9BA3-F7A9388AF557}.Release|Any CPU.ActiveCfg = Release|Any CPU
		{34B30454-FE01-42E4-9BA3-F7A9388AF557}.Release|Any CPU.Build.0 = Release|Any CPU
		{558F5647-FF79-4760-93BD-374162C1C0AC}.Debug|Any CPU.ActiveCfg = Debug|Any CPU
		{558F5647-FF79-4760-93BD-374162C1C0AC}.Debug|Any CPU.Build.0 = Debug|Any CPU
		{558F5647-FF79-4760-93BD-374162C1C0AC}.Release|Any CPU.ActiveCfg = Release|Any CPU
		{558F5647-FF79-4760-93BD-374162C1C0AC}.Release|Any CPU.Build.0 = Release|Any CPU
		{B9680A0E-991A-4967-8207-DE00F07FB41C}.Debug|Any CPU.ActiveCfg = Debug|Any CPU
		{B9680A0E-991A-4967-8207-DE00F07FB41C}.Debug|Any CPU.Build.0 = Debug|Any CPU
		{B9680A0E-991A-4967-8207-DE00F07FB41C}.Release|Any CPU.ActiveCfg = Release|Any CPU
		{B9680A0E-991A-4967-8207-DE00F07FB41C}.Release|Any CPU.Build.0 = Release|Any CPU
		{304E0B94-5308-408F-990E-935226CC2A84}.Debug|Any CPU.ActiveCfg = Debug|Any CPU
		{304E0B94-5308-408F-990E-935226CC2A84}.Debug|Any CPU.Build.0 = Debug|Any CPU
		{304E0B94-5308-408F-990E-935226CC2A84}.Release|Any CPU.ActiveCfg = Release|Any CPU
		{304E0B94-5308-408F-990E-935226CC2A84}.Release|Any CPU.Build.0 = Release|Any CPU
		{310CC858-C846-4ED8-97C2-AD1F71C0B1A2}.Debug|Any CPU.ActiveCfg = Debug|Any CPU
		{310CC858-C846-4ED8-97C2-AD1F71C0B1A2}.Debug|Any CPU.Build.0 = Debug|Any CPU
		{310CC858-C846-4ED8-97C2-AD1F71C0B1A2}.Release|Any CPU.ActiveCfg = Release|Any CPU
		{310CC858-C846-4ED8-97C2-AD1F71C0B1A2}.Release|Any CPU.Build.0 = Release|Any CPU
		{DF9A6A6E-7AF8-43DA-8A8F-76889C86E180}.Debug|Any CPU.ActiveCfg = Debug|Any CPU
		{DF9A6A6E-7AF8-43DA-8A8F-76889C86E180}.Debug|Any CPU.Build.0 = Debug|Any CPU
		{DF9A6A6E-7AF8-43DA-8A8F-76889C86E180}.Release|Any CPU.ActiveCfg = Release|Any CPU
		{DF9A6A6E-7AF8-43DA-8A8F-76889C86E180}.Release|Any CPU.Build.0 = Release|Any CPU
		{7FF979EE-6FDD-4A86-9999-5EB755248916}.Debug|Any CPU.ActiveCfg = Debug|Any CPU
		{7FF979EE-6FDD-4A86-9999-5EB755248916}.Debug|Any CPU.Build.0 = Debug|Any CPU
		{7FF979EE-6FDD-4A86-9999-5EB755248916}.Release|Any CPU.ActiveCfg = Release|Any CPU
		{7FF979EE-6FDD-4A86-9999-5EB755248916}.Release|Any CPU.Build.0 = Release|Any CPU
		{E6EFEA26-8542-474A-9CC7-0E5B9A52E8CD}.Debug|Any CPU.ActiveCfg = Debug|Any CPU
		{E6EFEA26-8542-474A-9CC7-0E5B9A52E8CD}.Debug|Any CPU.Build.0 = Debug|Any CPU
		{E6EFEA26-8542-474A-9CC7-0E5B9A52E8CD}.Release|Any CPU.ActiveCfg = Release|Any CPU
		{E6EFEA26-8542-474A-9CC7-0E5B9A52E8CD}.Release|Any CPU.Build.0 = Release|Any CPU
	EndGlobalSection
	GlobalSection(SolutionProperties) = preSolution
		HideSolutionNode = FALSE
	EndGlobalSection
	GlobalSection(ExtensibilityGlobals) = postSolution
		SolutionGuid = {61834D53-E765-47D7-869F-F5AE0175C47A}
	EndGlobalSection
EndGlobal
